
Microsoft Visual Studio Solution File, Format Version 12.00
# Visual Studio Version 17
VisualStudioVersion = 17.7.34221.43
MinimumVisualStudioVersion = 10.0.40219.1
Project("{9A19103F-16F7-4668-BE54-9A1E7A4F7556}") = "FrontEnd", "FrontEnd\FrontEnd.csproj", "{537A1146-BD12-4977-970A-F58A8B47C8AB}"
EndProject
Project("{9A19103F-16F7-4668-BE54-9A1E7A4F7556}") = "API", "API\API.csproj", "{4797FF97-46DF-4183-84B7-97D337D7BA8C}"
EndProject
Project("{9A19103F-16F7-4668-BE54-9A1E7A4F7556}") = "Core", "Core\Core.csproj", "{83A9A3F6-58D7-4FA5-AC07-1615D5871B19}"
EndProject
Project("{9A19103F-16F7-4668-BE54-9A1E7A4F7556}") = "Business", "Business\Business.csproj", "{4A51DF0D-26FE-473A-A2F7-CA748BD48429}"
EndProject
Project("{9A19103F-16F7-4668-BE54-9A1E7A4F7556}") = "Data", "Data\Data.csproj", "{A204EA59-87F1-4B72-AE0B-674E5AFCAE12}"
EndProject
Global
	GlobalSection(SolutionConfigurationPlatforms) = preSolution
		Debug|Any CPU = Debug|Any CPU
		Release|Any CPU = Release|Any CPU
	EndGlobalSection
	GlobalSection(ProjectConfigurationPlatforms) = postSolution
		{537A1146-BD12-4977-970A-F58A8B47C8AB}.Debug|Any CPU.ActiveCfg = Debug|Any CPU
		{537A1146-BD12-4977-970A-F58A8B47C8AB}.Debug|Any CPU.Build.0 = Debug|Any CPU
		{537A1146-BD12-4977-970A-F58A8B47C8AB}.Release|Any CPU.ActiveCfg = Release|Any CPU
		{537A1146-BD12-4977-970A-F58A8B47C8AB}.Release|Any CPU.Build.0 = Release|Any CPU
		{4797FF97-46DF-4183-84B7-97D337D7BA8C}.Debug|Any CPU.ActiveCfg = Debug|Any CPU
		{4797FF97-46DF-4183-84B7-97D337D7BA8C}.Debug|Any CPU.Build.0 = Debug|Any CPU
		{4797FF97-46DF-4183-84B7-97D337D7BA8C}.Release|Any CPU.ActiveCfg = Release|Any CPU
		{4797FF97-46DF-4183-84B7-97D337D7BA8C}.Release|Any CPU.Build.0 = Release|Any CPU
		{83A9A3F6-58D7-4FA5-AC07-1615D5871B19}.Debug|Any CPU.ActiveCfg = Debug|Any CPU
		{83A9A3F6-58D7-4FA5-AC07-1615D5871B19}.Debug|Any CPU.Build.0 = Debug|Any CPU
		{83A9A3F6-58D7-4FA5-AC07-1615D5871B19}.Release|Any CPU.ActiveCfg = Release|Any CPU
		{83A9A3F6-58D7-4FA5-AC07-1615D5871B19}.Release|Any CPU.Build.0 = Release|Any CPU
		{4A51DF0D-26FE-473A-A2F7-CA748BD48429}.Debug|Any CPU.ActiveCfg = Debug|Any CPU
		{4A51DF0D-26FE-473A-A2F7-CA748BD48429}.Debug|Any CPU.Build.0 = Debug|Any CPU
		{4A51DF0D-26FE-473A-A2F7-CA748BD48429}.Release|Any CPU.ActiveCfg = Release|Any CPU
		{4A51DF0D-26FE-473A-A2F7-CA748BD48429}.Release|Any CPU.Build.0 = Release|Any CPU
		{A204EA59-87F1-4B72-AE0B-674E5AFCAE12}.Debug|Any CPU.ActiveCfg = Debug|Any CPU
		{A204EA59-87F1-4B72-AE0B-674E5AFCAE12}.Debug|Any CPU.Build.0 = Debug|Any CPU
		{A204EA59-87F1-4B72-AE0B-674E5AFCAE12}.Release|Any CPU.ActiveCfg = Release|Any CPU
		{A204EA59-87F1-4B72-AE0B-674E5AFCAE12}.Release|Any CPU.Build.0 = Release|Any CPU
	EndGlobalSection
	GlobalSection(SolutionProperties) = preSolution
		HideSolutionNode = FALSE
	EndGlobalSection
	GlobalSection(ExtensibilityGlobals) = postSolution
		SolutionGuid = {C6547F41-3113-4048-B35A-622DCAE4EC51}
	EndGlobalSection
EndGlobal
